
Microsoft Visual Studio Solution File, Format Version 12.00
Project("{FAE04EC0-301F-11D3-BF4B-00C04F79EFBC}") = "API", "API.csproj", "{05E4C3B0-AF13-49D7-BFB4-D09182A0C822}"
EndProject
Global
	GlobalSection(SolutionConfigurationPlatforms) = preSolution
		Debug|Any CPU = Debug|Any CPU
		Release|Any CPU = Release|Any CPU
	EndGlobalSection
	GlobalSection(ProjectConfigurationPlatforms) = postSolution
		{05E4C3B0-AF13-49D7-BFB4-D09182A0C822}.Debug|Any CPU.ActiveCfg = Debug|Any CPU
		{05E4C3B0-AF13-49D7-BFB4-D09182A0C822}.Debug|Any CPU.Build.0 = Debug|Any CPU
		{05E4C3B0-AF13-49D7-BFB4-D09182A0C822}.Release|Any CPU.ActiveCfg = Release|Any CPU
		{05E4C3B0-AF13-49D7-BFB4-D09182A0C822}.Release|Any CPU.Build.0 = Release|Any CPU
	EndGlobalSection
EndGlobal
